
Microsoft Visual Studio Solution File, Format Version 12.00
# Visual Studio Version 17
VisualStudioVersion = 17.13.35806.99 d17.13
MinimumVisualStudioVersion = 10.0.40219.1
Project("{FAE04EC0-301F-11D3-BF4B-00C04F79EFBC}") = "LibreriaCalculadoraAppTec", "LibreriaCalculadoraAppTec\LibreriaCalculadoraAppTec.csproj", "{124D748A-7150-43F9-BD81-B39603E472A7}"
EndProject
Global
	GlobalSection(SolutionConfigurationPlatforms) = preSolution
		Debug|Any CPU = Debug|Any CPU
		Release|Any CPU = Release|Any CPU
	EndGlobalSection
	GlobalSection(ProjectConfigurationPlatforms) = postSolution
		{124D748A-7150-43F9-BD81-B39603E472A7}.Debug|Any CPU.ActiveCfg = Debug|Any CPU
		{124D748A-7150-43F9-BD81-B39603E472A7}.Debug|Any CPU.Build.0 = Debug|Any CPU
		{124D748A-7150-43F9-BD81-B39603E472A7}.Release|Any CPU.ActiveCfg = Release|Any CPU
		{124D748A-7150-43F9-BD81-B39603E472A7}.Release|Any CPU.Build.0 = Release|Any CPU
	EndGlobalSection
	GlobalSection(SolutionProperties) = preSolution
		HideSolutionNode = FALSE
	EndGlobalSection
	GlobalSection(ExtensibilityGlobals) = postSolution
		SolutionGuid = {21AD603B-2527-435B-B4C7-899D6018F602}
	EndGlobalSection
EndGlobal
